
Microsoft Visual Studio Solution File, Format Version 12.00
# Visual Studio Version 17
VisualStudioVersion = 17.1.32414.318
MinimumVisualStudioVersion = 10.0.40219.1
Project("{FAE04EC0-301F-11D3-BF4B-00C04F79EFBC}") = "Dictionary", "Dictionary\Dictionary.csproj", "{8D6CC1D2-CF6D-4573-A28B-5C5008F89B94}"
EndProject
Project("{FAE04EC0-301F-11D3-BF4B-00C04F79EFBC}") = "Shop", "Shop\Shop.csproj", "{B4389A21-6781-4ED9-868B-4A249EEEFB19}"
EndProject
Project("{FAE04EC0-301F-11D3-BF4B-00C04F79EFBC}") = "ListSum", "ListSum\ListSum.csproj", "{23C4B294-BE7F-485F-ADC7-028EB762A299}"
EndProject
Project("{FAE04EC0-301F-11D3-BF4B-00C04F79EFBC}") = "Dossiers", "Dossiers\Dossiers.csproj", "{8E3F5C69-B22B-4E87-B8AB-6B3A2661ED85}"
EndProject
Project("{FAE04EC0-301F-11D3-BF4B-00C04F79EFBC}") = "UnionArrays", "UnionArrays\UnionArrays.csproj", "{C47ED1E4-C178-4941-8628-E7D348871E00}"
EndProject
Global
	GlobalSection(SolutionConfigurationPlatforms) = preSolution
		Debug|Any CPU = Debug|Any CPU
		Release|Any CPU = Release|Any CPU
	EndGlobalSection
	GlobalSection(ProjectConfigurationPlatforms) = postSolution
		{8D6CC1D2-CF6D-4573-A28B-5C5008F89B94}.Debug|Any CPU.ActiveCfg = Debug|Any CPU
		{8D6CC1D2-CF6D-4573-A28B-5C5008F89B94}.Debug|Any CPU.Build.0 = Debug|Any CPU
		{8D6CC1D2-CF6D-4573-A28B-5C5008F89B94}.Release|Any CPU.ActiveCfg = Release|Any CPU
		{8D6CC1D2-CF6D-4573-A28B-5C5008F89B94}.Release|Any CPU.Build.0 = Release|Any CPU
		{B4389A21-6781-4ED9-868B-4A249EEEFB19}.Debug|Any CPU.ActiveCfg = Debug|Any CPU
		{B4389A21-6781-4ED9-868B-4A249EEEFB19}.Debug|Any CPU.Build.0 = Debug|Any CPU
		{B4389A21-6781-4ED9-868B-4A249EEEFB19}.Release|Any CPU.ActiveCfg = Release|Any CPU
		{B4389A21-6781-4ED9-868B-4A249EEEFB19}.Release|Any CPU.Build.0 = Release|Any CPU
		{23C4B294-BE7F-485F-ADC7-028EB762A299}.Debug|Any CPU.ActiveCfg = Debug|Any CPU
		{23C4B294-BE7F-485F-ADC7-028EB762A299}.Debug|Any CPU.Build.0 = Debug|Any CPU
		{23C4B294-BE7F-485F-ADC7-028EB762A299}.Release|Any CPU.ActiveCfg = Release|Any CPU
		{23C4B294-BE7F-485F-ADC7-028EB762A299}.Release|Any CPU.Build.0 = Release|Any CPU
		{8E3F5C69-B22B-4E87-B8AB-6B3A2661ED85}.Debug|Any CPU.ActiveCfg = Debug|Any CPU
		{8E3F5C69-B22B-4E87-B8AB-6B3A2661ED85}.Debug|Any CPU.Build.0 = Debug|Any CPU
		{8E3F5C69-B22B-4E87-B8AB-6B3A2661ED85}.Release|Any CPU.ActiveCfg = Release|Any CPU
		{8E3F5C69-B22B-4E87-B8AB-6B3A2661ED85}.Release|Any CPU.Build.0 = Release|Any CPU
		{C47ED1E4-C178-4941-8628-E7D348871E00}.Debug|Any CPU.ActiveCfg = Debug|Any CPU
		{C47ED1E4-C178-4941-8628-E7D348871E00}.Debug|Any CPU.Build.0 = Debug|Any CPU
		{C47ED1E4-C178-4941-8628-E7D348871E00}.Release|Any CPU.ActiveCfg = Release|Any CPU
		{C47ED1E4-C178-4941-8628-E7D348871E00}.Release|Any CPU.Build.0 = Release|Any CPU
	EndGlobalSection
	GlobalSection(SolutionProperties) = preSolution
		HideSolutionNode = FALSE
	EndGlobalSection
	GlobalSection(ExtensibilityGlobals) = postSolution
		SolutionGuid = {F98B8803-A917-4A5A-987D-3D9B2748271E}
	EndGlobalSection
EndGlobal
