
Microsoft Visual Studio Solution File, Format Version 12.00
# Visual Studio Version 17
VisualStudioVersion = 17.1.32414.318
MinimumVisualStudioVersion = 10.0.40219.1
Project("{9A19103F-16F7-4668-BE54-9A1E7A4F7556}") = "ListOfDossiers", "ListOfDossiers\ListOfDossiers.csproj", "{3C8C5470-A96A-4720-9463-2731CCEA4762}"
EndProject
Project("{FAE04EC0-301F-11D3-BF4B-00C04F79EFBC}") = "BarDrawing", "BarDrawing\BarDrawing.csproj", "{3E1936C2-0948-409A-9600-C8E36A856C7A}"
EndProject
Global
	GlobalSection(SolutionConfigurationPlatforms) = preSolution
		Debug|Any CPU = Debug|Any CPU
		Release|Any CPU = Release|Any CPU
	EndGlobalSection
	GlobalSection(ProjectConfigurationPlatforms) = postSolution
		{3C8C5470-A96A-4720-9463-2731CCEA4762}.Debug|Any CPU.ActiveCfg = Debug|Any CPU
		{3C8C5470-A96A-4720-9463-2731CCEA4762}.Debug|Any CPU.Build.0 = Debug|Any CPU
		{3C8C5470-A96A-4720-9463-2731CCEA4762}.Release|Any CPU.ActiveCfg = Release|Any CPU
		{3C8C5470-A96A-4720-9463-2731CCEA4762}.Release|Any CPU.Build.0 = Release|Any CPU
		{3E1936C2-0948-409A-9600-C8E36A856C7A}.Debug|Any CPU.ActiveCfg = Debug|Any CPU
		{3E1936C2-0948-409A-9600-C8E36A856C7A}.Debug|Any CPU.Build.0 = Debug|Any CPU
		{3E1936C2-0948-409A-9600-C8E36A856C7A}.Release|Any CPU.ActiveCfg = Release|Any CPU
		{3E1936C2-0948-409A-9600-C8E36A856C7A}.Release|Any CPU.Build.0 = Release|Any CPU
	EndGlobalSection
	GlobalSection(SolutionProperties) = preSolution
		HideSolutionNode = FALSE
	EndGlobalSection
	GlobalSection(ExtensibilityGlobals) = postSolution
		SolutionGuid = {4BAFBC81-7A8C-4D1C-AFC3-3E46BAE03E3B}
	EndGlobalSection
EndGlobal
