
Microsoft Visual Studio Solution File, Format Version 12.00
# Visual Studio Version 17
VisualStudioVersion = 17.1.32414.318
MinimumVisualStudioVersion = 10.0.40219.1
Project("{FAE04EC0-301F-11D3-BF4B-00C04F79EFBC}") = "PlayerInformation", "PlayerInformation\PlayerInformation.csproj", "{0C3EC1DC-DECA-4EFD-8CED-423B320A48A5}"
EndProject
Project("{FAE04EC0-301F-11D3-BF4B-00C04F79EFBC}") = "PlayerDrawing", "PlayerDrawing\PlayerDrawing.csproj", "{FEE7B4F1-3BA9-4943-A033-C4A92B1CCD0F}"
EndProject
Project("{FAE04EC0-301F-11D3-BF4B-00C04F79EFBC}") = "PlayerDatabase", "PlayerDatabase\PlayerDatabase.csproj", "{34419D39-06C4-4748-8DF8-9B5AB747AECD}"
EndProject
Global
	GlobalSection(SolutionConfigurationPlatforms) = preSolution
		Debug|Any CPU = Debug|Any CPU
		Release|Any CPU = Release|Any CPU
	EndGlobalSection
	GlobalSection(ProjectConfigurationPlatforms) = postSolution
		{0C3EC1DC-DECA-4EFD-8CED-423B320A48A5}.Debug|Any CPU.ActiveCfg = Debug|Any CPU
		{0C3EC1DC-DECA-4EFD-8CED-423B320A48A5}.Debug|Any CPU.Build.0 = Debug|Any CPU
		{0C3EC1DC-DECA-4EFD-8CED-423B320A48A5}.Release|Any CPU.ActiveCfg = Release|Any CPU
		{0C3EC1DC-DECA-4EFD-8CED-423B320A48A5}.Release|Any CPU.Build.0 = Release|Any CPU
		{FEE7B4F1-3BA9-4943-A033-C4A92B1CCD0F}.Debug|Any CPU.ActiveCfg = Debug|Any CPU
		{FEE7B4F1-3BA9-4943-A033-C4A92B1CCD0F}.Debug|Any CPU.Build.0 = Debug|Any CPU
		{FEE7B4F1-3BA9-4943-A033-C4A92B1CCD0F}.Release|Any CPU.ActiveCfg = Release|Any CPU
		{FEE7B4F1-3BA9-4943-A033-C4A92B1CCD0F}.Release|Any CPU.Build.0 = Release|Any CPU
		{34419D39-06C4-4748-8DF8-9B5AB747AECD}.Debug|Any CPU.ActiveCfg = Debug|Any CPU
		{34419D39-06C4-4748-8DF8-9B5AB747AECD}.Debug|Any CPU.Build.0 = Debug|Any CPU
		{34419D39-06C4-4748-8DF8-9B5AB747AECD}.Release|Any CPU.ActiveCfg = Release|Any CPU
		{34419D39-06C4-4748-8DF8-9B5AB747AECD}.Release|Any CPU.Build.0 = Release|Any CPU
	EndGlobalSection
	GlobalSection(SolutionProperties) = preSolution
		HideSolutionNode = FALSE
	EndGlobalSection
	GlobalSection(ExtensibilityGlobals) = postSolution
		SolutionGuid = {83CFD7C9-1E60-411D-9B42-700AF9BE8C9E}
	EndGlobalSection
EndGlobal
