
Microsoft Visual Studio Solution File, Format Version 12.00
# Visual Studio Version 17
VisualStudioVersion = 17.1.32414.318
MinimumVisualStudioVersion = 10.0.40219.1
Project("{9A19103F-16F7-4668-BE54-9A1E7A4F7556}") = "PlayerInformation", "PlayerInformation\PlayerInformation.csproj", "{0C3EC1DC-DECA-4EFD-8CED-423B320A48A5}"
EndProject
Project("{9A19103F-16F7-4668-BE54-9A1E7A4F7556}") = "PlayerDrawing", "PlayerDrawing\PlayerDrawing.csproj", "{FEE7B4F1-3BA9-4943-A033-C4A92B1CCD0F}"
EndProject
Project("{9A19103F-16F7-4668-BE54-9A1E7A4F7556}") = "PlayerDatabase", "PlayerDatabase\PlayerDatabase.csproj", "{34419D39-06C4-4748-8DF8-9B5AB747AECD}"
EndProject
Project("{9A19103F-16F7-4668-BE54-9A1E7A4F7556}") = "DeckOfCards", "DeckOfCards\DeckOfCards.csproj", "{C263A8C3-C5F1-43BE-814D-3FFBDE74F10A}"
EndProject
Project("{9A19103F-16F7-4668-BE54-9A1E7A4F7556}") = "BookStorage", "BookStorage\BookStorage.csproj", "{F4D40381-01AD-4F5F-9D3B-BF743302F7B3}"
EndProject
Project("{9A19103F-16F7-4668-BE54-9A1E7A4F7556}") = "Shop", "Shop\Shop.csproj", "{F794B6BA-26A0-4762-84B9-04A7405E1050}"
EndProject
Project("{9A19103F-16F7-4668-BE54-9A1E7A4F7556}") = "Trains", "Trains\Trains.csproj", "{3DC9B60E-F042-408F-910D-2B5D9456AD47}"
EndProject
Project("{9A19103F-16F7-4668-BE54-9A1E7A4F7556}") = "BattleArena", "BattleArena\BattleArena.csproj", "{7488D082-6871-4590-AAD0-D957664E97E7}"
EndProject
Project("{9A19103F-16F7-4668-BE54-9A1E7A4F7556}") = "ShopAdministration", "ShopAdministration\ShopAdministration.csproj", "{E52A6E81-991B-43AF-9109-BED90F634C80}"
EndProject
Project("{9A19103F-16F7-4668-BE54-9A1E7A4F7556}") = "SquadsBattle", "SquadsBattle\SquadsBattle.csproj", "{9C5D24F3-47B2-48CA-85D1-4A1CE37C7898}"
EndProject
Project("{FAE04EC0-301F-11D3-BF4B-00C04F79EFBC}") = "Aquarium", "Aquarium\Aquarium.csproj", "{B81B4F38-7CBC-4CE0-9339-E411808D07A2}"
EndProject
Global
	GlobalSection(SolutionConfigurationPlatforms) = preSolution
		Debug|Any CPU = Debug|Any CPU
		Release|Any CPU = Release|Any CPU
	EndGlobalSection
	GlobalSection(ProjectConfigurationPlatforms) = postSolution
		{0C3EC1DC-DECA-4EFD-8CED-423B320A48A5}.Debug|Any CPU.ActiveCfg = Debug|Any CPU
		{0C3EC1DC-DECA-4EFD-8CED-423B320A48A5}.Debug|Any CPU.Build.0 = Debug|Any CPU
		{0C3EC1DC-DECA-4EFD-8CED-423B320A48A5}.Release|Any CPU.ActiveCfg = Release|Any CPU
		{0C3EC1DC-DECA-4EFD-8CED-423B320A48A5}.Release|Any CPU.Build.0 = Release|Any CPU
		{FEE7B4F1-3BA9-4943-A033-C4A92B1CCD0F}.Debug|Any CPU.ActiveCfg = Debug|Any CPU
		{FEE7B4F1-3BA9-4943-A033-C4A92B1CCD0F}.Debug|Any CPU.Build.0 = Debug|Any CPU
		{FEE7B4F1-3BA9-4943-A033-C4A92B1CCD0F}.Release|Any CPU.ActiveCfg = Release|Any CPU
		{FEE7B4F1-3BA9-4943-A033-C4A92B1CCD0F}.Release|Any CPU.Build.0 = Release|Any CPU
		{34419D39-06C4-4748-8DF8-9B5AB747AECD}.Debug|Any CPU.ActiveCfg = Debug|Any CPU
		{34419D39-06C4-4748-8DF8-9B5AB747AECD}.Debug|Any CPU.Build.0 = Debug|Any CPU
		{34419D39-06C4-4748-8DF8-9B5AB747AECD}.Release|Any CPU.ActiveCfg = Release|Any CPU
		{34419D39-06C4-4748-8DF8-9B5AB747AECD}.Release|Any CPU.Build.0 = Release|Any CPU
		{C263A8C3-C5F1-43BE-814D-3FFBDE74F10A}.Debug|Any CPU.ActiveCfg = Debug|Any CPU
		{C263A8C3-C5F1-43BE-814D-3FFBDE74F10A}.Debug|Any CPU.Build.0 = Debug|Any CPU
		{C263A8C3-C5F1-43BE-814D-3FFBDE74F10A}.Release|Any CPU.ActiveCfg = Release|Any CPU
		{C263A8C3-C5F1-43BE-814D-3FFBDE74F10A}.Release|Any CPU.Build.0 = Release|Any CPU
		{F4D40381-01AD-4F5F-9D3B-BF743302F7B3}.Debug|Any CPU.ActiveCfg = Debug|Any CPU
		{F4D40381-01AD-4F5F-9D3B-BF743302F7B3}.Debug|Any CPU.Build.0 = Debug|Any CPU
		{F4D40381-01AD-4F5F-9D3B-BF743302F7B3}.Release|Any CPU.ActiveCfg = Release|Any CPU
		{F4D40381-01AD-4F5F-9D3B-BF743302F7B3}.Release|Any CPU.Build.0 = Release|Any CPU
		{F794B6BA-26A0-4762-84B9-04A7405E1050}.Debug|Any CPU.ActiveCfg = Debug|Any CPU
		{F794B6BA-26A0-4762-84B9-04A7405E1050}.Debug|Any CPU.Build.0 = Debug|Any CPU
		{F794B6BA-26A0-4762-84B9-04A7405E1050}.Release|Any CPU.ActiveCfg = Release|Any CPU
		{F794B6BA-26A0-4762-84B9-04A7405E1050}.Release|Any CPU.Build.0 = Release|Any CPU
		{3DC9B60E-F042-408F-910D-2B5D9456AD47}.Debug|Any CPU.ActiveCfg = Debug|Any CPU
		{3DC9B60E-F042-408F-910D-2B5D9456AD47}.Debug|Any CPU.Build.0 = Debug|Any CPU
		{3DC9B60E-F042-408F-910D-2B5D9456AD47}.Release|Any CPU.ActiveCfg = Release|Any CPU
		{3DC9B60E-F042-408F-910D-2B5D9456AD47}.Release|Any CPU.Build.0 = Release|Any CPU
		{7488D082-6871-4590-AAD0-D957664E97E7}.Debug|Any CPU.ActiveCfg = Debug|Any CPU
		{7488D082-6871-4590-AAD0-D957664E97E7}.Debug|Any CPU.Build.0 = Debug|Any CPU
		{7488D082-6871-4590-AAD0-D957664E97E7}.Release|Any CPU.ActiveCfg = Release|Any CPU
		{7488D082-6871-4590-AAD0-D957664E97E7}.Release|Any CPU.Build.0 = Release|Any CPU
		{E52A6E81-991B-43AF-9109-BED90F634C80}.Debug|Any CPU.ActiveCfg = Debug|Any CPU
		{E52A6E81-991B-43AF-9109-BED90F634C80}.Debug|Any CPU.Build.0 = Debug|Any CPU
		{E52A6E81-991B-43AF-9109-BED90F634C80}.Release|Any CPU.ActiveCfg = Release|Any CPU
		{E52A6E81-991B-43AF-9109-BED90F634C80}.Release|Any CPU.Build.0 = Release|Any CPU
		{9C5D24F3-47B2-48CA-85D1-4A1CE37C7898}.Debug|Any CPU.ActiveCfg = Debug|Any CPU
		{9C5D24F3-47B2-48CA-85D1-4A1CE37C7898}.Debug|Any CPU.Build.0 = Debug|Any CPU
		{9C5D24F3-47B2-48CA-85D1-4A1CE37C7898}.Release|Any CPU.ActiveCfg = Release|Any CPU
		{9C5D24F3-47B2-48CA-85D1-4A1CE37C7898}.Release|Any CPU.Build.0 = Release|Any CPU
		{B81B4F38-7CBC-4CE0-9339-E411808D07A2}.Debug|Any CPU.ActiveCfg = Debug|Any CPU
		{B81B4F38-7CBC-4CE0-9339-E411808D07A2}.Debug|Any CPU.Build.0 = Debug|Any CPU
		{B81B4F38-7CBC-4CE0-9339-E411808D07A2}.Release|Any CPU.ActiveCfg = Release|Any CPU
		{B81B4F38-7CBC-4CE0-9339-E411808D07A2}.Release|Any CPU.Build.0 = Release|Any CPU
	EndGlobalSection
	GlobalSection(SolutionProperties) = preSolution
		HideSolutionNode = FALSE
	EndGlobalSection
	GlobalSection(ExtensibilityGlobals) = postSolution
		SolutionGuid = {83CFD7C9-1E60-411D-9B42-700AF9BE8C9E}
	EndGlobalSection
EndGlobal
