
Microsoft Visual Studio Solution File, Format Version 12.00
# Visual Studio Version 17
VisualStudioVersion = 17.1.32414.318
MinimumVisualStudioVersion = 10.0.40219.1
Project("{FAE04EC0-301F-11D3-BF4B-00C04F79EFBC}") = "TwoDimensionalArray", "TwoDimensionalArray\TwoDimensionalArray.csproj", "{57A08E46-ED8C-45E4-A391-C45FB7808CA7}"
EndProject
Project("{FAE04EC0-301F-11D3-BF4B-00C04F79EFBC}") = "MaxMatrixElement", "MaxMatrixElement\MaxMatrixElement.csproj", "{E2F2AAA7-C14C-49A0-BFBA-5FE53A9AC22E}"
EndProject
Project("{FAE04EC0-301F-11D3-BF4B-00C04F79EFBC}") = "LocalMaximumInArray", "LocalMaximumInArray\LocalMaximumInArray.csproj", "{00DBC166-0EC2-40EF-B92A-921F73AEC23A}"
EndProject
Project("{FAE04EC0-301F-11D3-BF4B-00C04F79EFBC}") = "ArraySum", "ArraySum\ArraySum.csproj", "{42E4D7E2-58C3-437C-9AA9-628F6815F054}"
EndProject
Project("{FAE04EC0-301F-11D3-BF4B-00C04F79EFBC}") = "LongestSubarray", "LongestSubarray\LongestSubarray.csproj", "{D3DFC08D-032C-4278-97B2-A6C850F65201}"
EndProject
Project("{FAE04EC0-301F-11D3-BF4B-00C04F79EFBC}") = "SortArray", "SortArray\SortArray.csproj", "{4F82ED28-EA47-4588-88FE-2A3092FDA27A}"
EndProject
Project("{FAE04EC0-301F-11D3-BF4B-00C04F79EFBC}") = "StringSplit", "StringSplit\StringSplit.csproj", "{6E066A28-8D80-43B9-8FF4-A5DA7836018D}"
EndProject
Project("{FAE04EC0-301F-11D3-BF4B-00C04F79EFBC}") = "ArrayCarousel", "ArrayCarousel\ArrayCarousel.csproj", "{65FA7D5F-DD2A-4DAD-B6F8-015CC1CD76C4}"
EndProject
Global
	GlobalSection(SolutionConfigurationPlatforms) = preSolution
		Debug|Any CPU = Debug|Any CPU
		Release|Any CPU = Release|Any CPU
	EndGlobalSection
	GlobalSection(ProjectConfigurationPlatforms) = postSolution
		{57A08E46-ED8C-45E4-A391-C45FB7808CA7}.Debug|Any CPU.ActiveCfg = Debug|Any CPU
		{57A08E46-ED8C-45E4-A391-C45FB7808CA7}.Debug|Any CPU.Build.0 = Debug|Any CPU
		{57A08E46-ED8C-45E4-A391-C45FB7808CA7}.Release|Any CPU.ActiveCfg = Release|Any CPU
		{57A08E46-ED8C-45E4-A391-C45FB7808CA7}.Release|Any CPU.Build.0 = Release|Any CPU
		{E2F2AAA7-C14C-49A0-BFBA-5FE53A9AC22E}.Debug|Any CPU.ActiveCfg = Debug|Any CPU
		{E2F2AAA7-C14C-49A0-BFBA-5FE53A9AC22E}.Debug|Any CPU.Build.0 = Debug|Any CPU
		{E2F2AAA7-C14C-49A0-BFBA-5FE53A9AC22E}.Release|Any CPU.ActiveCfg = Release|Any CPU
		{E2F2AAA7-C14C-49A0-BFBA-5FE53A9AC22E}.Release|Any CPU.Build.0 = Release|Any CPU
		{00DBC166-0EC2-40EF-B92A-921F73AEC23A}.Debug|Any CPU.ActiveCfg = Debug|Any CPU
		{00DBC166-0EC2-40EF-B92A-921F73AEC23A}.Debug|Any CPU.Build.0 = Debug|Any CPU
		{00DBC166-0EC2-40EF-B92A-921F73AEC23A}.Release|Any CPU.ActiveCfg = Release|Any CPU
		{00DBC166-0EC2-40EF-B92A-921F73AEC23A}.Release|Any CPU.Build.0 = Release|Any CPU
		{42E4D7E2-58C3-437C-9AA9-628F6815F054}.Debug|Any CPU.ActiveCfg = Debug|Any CPU
		{42E4D7E2-58C3-437C-9AA9-628F6815F054}.Debug|Any CPU.Build.0 = Debug|Any CPU
		{42E4D7E2-58C3-437C-9AA9-628F6815F054}.Release|Any CPU.ActiveCfg = Release|Any CPU
		{42E4D7E2-58C3-437C-9AA9-628F6815F054}.Release|Any CPU.Build.0 = Release|Any CPU
		{D3DFC08D-032C-4278-97B2-A6C850F65201}.Debug|Any CPU.ActiveCfg = Debug|Any CPU
		{D3DFC08D-032C-4278-97B2-A6C850F65201}.Debug|Any CPU.Build.0 = Debug|Any CPU
		{D3DFC08D-032C-4278-97B2-A6C850F65201}.Release|Any CPU.ActiveCfg = Release|Any CPU
		{D3DFC08D-032C-4278-97B2-A6C850F65201}.Release|Any CPU.Build.0 = Release|Any CPU
		{4F82ED28-EA47-4588-88FE-2A3092FDA27A}.Debug|Any CPU.ActiveCfg = Debug|Any CPU
		{4F82ED28-EA47-4588-88FE-2A3092FDA27A}.Debug|Any CPU.Build.0 = Debug|Any CPU
		{4F82ED28-EA47-4588-88FE-2A3092FDA27A}.Release|Any CPU.ActiveCfg = Release|Any CPU
		{4F82ED28-EA47-4588-88FE-2A3092FDA27A}.Release|Any CPU.Build.0 = Release|Any CPU
		{6E066A28-8D80-43B9-8FF4-A5DA7836018D}.Debug|Any CPU.ActiveCfg = Debug|Any CPU
		{6E066A28-8D80-43B9-8FF4-A5DA7836018D}.Debug|Any CPU.Build.0 = Debug|Any CPU
		{6E066A28-8D80-43B9-8FF4-A5DA7836018D}.Release|Any CPU.ActiveCfg = Release|Any CPU
		{6E066A28-8D80-43B9-8FF4-A5DA7836018D}.Release|Any CPU.Build.0 = Release|Any CPU
		{65FA7D5F-DD2A-4DAD-B6F8-015CC1CD76C4}.Debug|Any CPU.ActiveCfg = Debug|Any CPU
		{65FA7D5F-DD2A-4DAD-B6F8-015CC1CD76C4}.Debug|Any CPU.Build.0 = Debug|Any CPU
		{65FA7D5F-DD2A-4DAD-B6F8-015CC1CD76C4}.Release|Any CPU.ActiveCfg = Release|Any CPU
		{65FA7D5F-DD2A-4DAD-B6F8-015CC1CD76C4}.Release|Any CPU.Build.0 = Release|Any CPU
	EndGlobalSection
	GlobalSection(SolutionProperties) = preSolution
		HideSolutionNode = FALSE
	EndGlobalSection
	GlobalSection(ExtensibilityGlobals) = postSolution
		SolutionGuid = {F668CBA1-6FBF-48EF-85D8-3E3125C1415D}
	EndGlobalSection
EndGlobal
