
Microsoft Visual Studio Solution File, Format Version 12.00
# Visual Studio Version 17
VisualStudioVersion = 17.1.32414.318
MinimumVisualStudioVersion = 10.0.40219.1
Project("{FAE04EC0-301F-11D3-BF4B-00C04F79EFBC}") = "FilteringCriminals", "FilteringCriminals\FilteringCriminals.csproj", "{60BCC56A-C40A-4EF7-95B1-19C740FBE872}"
EndProject
Project("{FAE04EC0-301F-11D3-BF4B-00C04F79EFBC}") = "Amnesty", "Amnesty\Amnesty.csproj", "{A267EBE8-3278-4139-9EA1-FF3591F53C97}"
EndProject
Global
	GlobalSection(SolutionConfigurationPlatforms) = preSolution
		Debug|Any CPU = Debug|Any CPU
		Release|Any CPU = Release|Any CPU
	EndGlobalSection
	GlobalSection(ProjectConfigurationPlatforms) = postSolution
		{60BCC56A-C40A-4EF7-95B1-19C740FBE872}.Debug|Any CPU.ActiveCfg = Debug|Any CPU
		{60BCC56A-C40A-4EF7-95B1-19C740FBE872}.Debug|Any CPU.Build.0 = Debug|Any CPU
		{60BCC56A-C40A-4EF7-95B1-19C740FBE872}.Release|Any CPU.ActiveCfg = Release|Any CPU
		{60BCC56A-C40A-4EF7-95B1-19C740FBE872}.Release|Any CPU.Build.0 = Release|Any CPU
		{A267EBE8-3278-4139-9EA1-FF3591F53C97}.Debug|Any CPU.ActiveCfg = Debug|Any CPU
		{A267EBE8-3278-4139-9EA1-FF3591F53C97}.Debug|Any CPU.Build.0 = Debug|Any CPU
		{A267EBE8-3278-4139-9EA1-FF3591F53C97}.Release|Any CPU.ActiveCfg = Release|Any CPU
		{A267EBE8-3278-4139-9EA1-FF3591F53C97}.Release|Any CPU.Build.0 = Release|Any CPU
	EndGlobalSection
	GlobalSection(SolutionProperties) = preSolution
		HideSolutionNode = FALSE
	EndGlobalSection
	GlobalSection(ExtensibilityGlobals) = postSolution
		SolutionGuid = {5DB0257F-3352-4C60-9A1D-5E0C08B3939E}
	EndGlobalSection
EndGlobal
