
Microsoft Visual Studio Solution File, Format Version 12.00
# Visual Studio Version 17
VisualStudioVersion = 17.1.32414.318
MinimumVisualStudioVersion = 10.0.40219.1
Project("{FAE04EC0-301F-11D3-BF4B-00C04F79EFBC}") = "ForCycle", "ForCycle\ForCycle.csproj", "{DAF2898B-002B-4114-A412-02749D38B7B0}"
EndProject
Project("{FAE04EC0-301F-11D3-BF4B-00C04F79EFBC}") = "WhileExit", "WhileExit\WhileExit.csproj", "{8BAF6585-45AF-4835-A69A-FF6A3B8E6880}"
EndProject
Project("{FAE04EC0-301F-11D3-BF4B-00C04F79EFBC}") = "SequenceOfNumbers", "SequenceOfNumbers\SequenceOfNumbers.csproj", "{8B1B3008-94AA-4E81-AA78-85434DB3711A}"
EndProject
Global
	GlobalSection(SolutionConfigurationPlatforms) = preSolution
		Debug|Any CPU = Debug|Any CPU
		Release|Any CPU = Release|Any CPU
	EndGlobalSection
	GlobalSection(ProjectConfigurationPlatforms) = postSolution
		{DAF2898B-002B-4114-A412-02749D38B7B0}.Debug|Any CPU.ActiveCfg = Debug|Any CPU
		{DAF2898B-002B-4114-A412-02749D38B7B0}.Debug|Any CPU.Build.0 = Debug|Any CPU
		{DAF2898B-002B-4114-A412-02749D38B7B0}.Release|Any CPU.ActiveCfg = Release|Any CPU
		{DAF2898B-002B-4114-A412-02749D38B7B0}.Release|Any CPU.Build.0 = Release|Any CPU
		{8BAF6585-45AF-4835-A69A-FF6A3B8E6880}.Debug|Any CPU.ActiveCfg = Debug|Any CPU
		{8BAF6585-45AF-4835-A69A-FF6A3B8E6880}.Debug|Any CPU.Build.0 = Debug|Any CPU
		{8BAF6585-45AF-4835-A69A-FF6A3B8E6880}.Release|Any CPU.ActiveCfg = Release|Any CPU
		{8BAF6585-45AF-4835-A69A-FF6A3B8E6880}.Release|Any CPU.Build.0 = Release|Any CPU
		{8B1B3008-94AA-4E81-AA78-85434DB3711A}.Debug|Any CPU.ActiveCfg = Debug|Any CPU
		{8B1B3008-94AA-4E81-AA78-85434DB3711A}.Debug|Any CPU.Build.0 = Debug|Any CPU
		{8B1B3008-94AA-4E81-AA78-85434DB3711A}.Release|Any CPU.ActiveCfg = Release|Any CPU
		{8B1B3008-94AA-4E81-AA78-85434DB3711A}.Release|Any CPU.Build.0 = Release|Any CPU
	EndGlobalSection
	GlobalSection(SolutionProperties) = preSolution
		HideSolutionNode = FALSE
	EndGlobalSection
	GlobalSection(ExtensibilityGlobals) = postSolution
		SolutionGuid = {89AAE415-1F55-4C9F-96DB-5A0D35EC459E}
	EndGlobalSection
EndGlobal
