
Microsoft Visual Studio Solution File, Format Version 12.00
# Visual Studio Version 17
VisualStudioVersion = 17.1.32414.318
MinimumVisualStudioVersion = 10.0.40219.1
Project("{9A19103F-16F7-4668-BE54-9A1E7A4F7556}") = "ForCycle", "ForCycle\ForCycle.csproj", "{DAF2898B-002B-4114-A412-02749D38B7B0}"
EndProject
Project("{9A19103F-16F7-4668-BE54-9A1E7A4F7556}") = "WhileExit", "WhileExit\WhileExit.csproj", "{8BAF6585-45AF-4835-A69A-FF6A3B8E6880}"
EndProject
Project("{9A19103F-16F7-4668-BE54-9A1E7A4F7556}") = "SequenceOfNumbers", "SequenceOfNumbers\SequenceOfNumbers.csproj", "{8B1B3008-94AA-4E81-AA78-85434DB3711A}"
EndProject
Project("{9A19103F-16F7-4668-BE54-9A1E7A4F7556}") = "RandomSummary", "RandomSummary\RandomSummary.csproj", "{9C748A41-11E9-4799-9697-EA7DA2468DFD}"
EndProject
Project("{9A19103F-16F7-4668-BE54-9A1E7A4F7556}") = "CurrencyWallet", "CurrencyWallet\CurrencyWallet.csproj", "{AFEF48CD-86FC-4787-B8E2-95FD799C5C2B}"
EndProject
Project("{9A19103F-16F7-4668-BE54-9A1E7A4F7556}") = "CommandPanel", "CommandPanel\CommandPanel.csproj", "{6FFA6D68-B3FD-4EAF-BDF6-A86B0B1B399A}"
EndProject
Project("{9A19103F-16F7-4668-BE54-9A1E7A4F7556}") = "NameInRectangle", "NameInRectangle\NameInRectangle.csproj", "{44043E66-8B41-4C9B-80AE-86285C64B916}"
EndProject
Project("{9A19103F-16F7-4668-BE54-9A1E7A4F7556}") = "SecretPassword", "SecretPassword\SecretPassword.csproj", "{414A6A68-155C-4D70-B91B-78ACC4A23701}"
EndProject
Project("{9A19103F-16F7-4668-BE54-9A1E7A4F7556}") = "Multiples", "Multiples\Multiples.csproj", "{A61B3D68-DA26-4C3B-BB3C-4B12932FDF53}"
EndProject
Project("{9A19103F-16F7-4668-BE54-9A1E7A4F7556}") = "MinimumPowerOfTwo", "MinimumPowerOfTwo\MinimumPowerOfTwo.csproj", "{B6876D0F-CF12-4F73-A427-08A10ED4071B}"
EndProject
Project("{9A19103F-16F7-4668-BE54-9A1E7A4F7556}") = "DepthOfBrackets", "DepthOfBrackets\DepthOfBrackets.csproj", "{64F01089-24A6-4926-B1F2-07A2A6EA150B}"
EndProject
Project("{FAE04EC0-301F-11D3-BF4B-00C04F79EFBC}") = "BossFight", "BossFight\BossFight.csproj", "{093C99C4-AD74-4932-91E6-0F43B875A7FA}"
EndProject
Global
	GlobalSection(SolutionConfigurationPlatforms) = preSolution
		Debug|Any CPU = Debug|Any CPU
		Release|Any CPU = Release|Any CPU
	EndGlobalSection
	GlobalSection(ProjectConfigurationPlatforms) = postSolution
		{DAF2898B-002B-4114-A412-02749D38B7B0}.Debug|Any CPU.ActiveCfg = Debug|Any CPU
		{DAF2898B-002B-4114-A412-02749D38B7B0}.Debug|Any CPU.Build.0 = Debug|Any CPU
		{DAF2898B-002B-4114-A412-02749D38B7B0}.Release|Any CPU.ActiveCfg = Release|Any CPU
		{DAF2898B-002B-4114-A412-02749D38B7B0}.Release|Any CPU.Build.0 = Release|Any CPU
		{8BAF6585-45AF-4835-A69A-FF6A3B8E6880}.Debug|Any CPU.ActiveCfg = Debug|Any CPU
		{8BAF6585-45AF-4835-A69A-FF6A3B8E6880}.Debug|Any CPU.Build.0 = Debug|Any CPU
		{8BAF6585-45AF-4835-A69A-FF6A3B8E6880}.Release|Any CPU.ActiveCfg = Release|Any CPU
		{8BAF6585-45AF-4835-A69A-FF6A3B8E6880}.Release|Any CPU.Build.0 = Release|Any CPU
		{8B1B3008-94AA-4E81-AA78-85434DB3711A}.Debug|Any CPU.ActiveCfg = Debug|Any CPU
		{8B1B3008-94AA-4E81-AA78-85434DB3711A}.Debug|Any CPU.Build.0 = Debug|Any CPU
		{8B1B3008-94AA-4E81-AA78-85434DB3711A}.Release|Any CPU.ActiveCfg = Release|Any CPU
		{8B1B3008-94AA-4E81-AA78-85434DB3711A}.Release|Any CPU.Build.0 = Release|Any CPU
		{9C748A41-11E9-4799-9697-EA7DA2468DFD}.Debug|Any CPU.ActiveCfg = Debug|Any CPU
		{9C748A41-11E9-4799-9697-EA7DA2468DFD}.Debug|Any CPU.Build.0 = Debug|Any CPU
		{9C748A41-11E9-4799-9697-EA7DA2468DFD}.Release|Any CPU.ActiveCfg = Release|Any CPU
		{9C748A41-11E9-4799-9697-EA7DA2468DFD}.Release|Any CPU.Build.0 = Release|Any CPU
		{AFEF48CD-86FC-4787-B8E2-95FD799C5C2B}.Debug|Any CPU.ActiveCfg = Debug|Any CPU
		{AFEF48CD-86FC-4787-B8E2-95FD799C5C2B}.Debug|Any CPU.Build.0 = Debug|Any CPU
		{AFEF48CD-86FC-4787-B8E2-95FD799C5C2B}.Release|Any CPU.ActiveCfg = Release|Any CPU
		{AFEF48CD-86FC-4787-B8E2-95FD799C5C2B}.Release|Any CPU.Build.0 = Release|Any CPU
		{6FFA6D68-B3FD-4EAF-BDF6-A86B0B1B399A}.Debug|Any CPU.ActiveCfg = Debug|Any CPU
		{6FFA6D68-B3FD-4EAF-BDF6-A86B0B1B399A}.Debug|Any CPU.Build.0 = Debug|Any CPU
		{6FFA6D68-B3FD-4EAF-BDF6-A86B0B1B399A}.Release|Any CPU.ActiveCfg = Release|Any CPU
		{6FFA6D68-B3FD-4EAF-BDF6-A86B0B1B399A}.Release|Any CPU.Build.0 = Release|Any CPU
		{44043E66-8B41-4C9B-80AE-86285C64B916}.Debug|Any CPU.ActiveCfg = Debug|Any CPU
		{44043E66-8B41-4C9B-80AE-86285C64B916}.Debug|Any CPU.Build.0 = Debug|Any CPU
		{44043E66-8B41-4C9B-80AE-86285C64B916}.Release|Any CPU.ActiveCfg = Release|Any CPU
		{44043E66-8B41-4C9B-80AE-86285C64B916}.Release|Any CPU.Build.0 = Release|Any CPU
		{414A6A68-155C-4D70-B91B-78ACC4A23701}.Debug|Any CPU.ActiveCfg = Debug|Any CPU
		{414A6A68-155C-4D70-B91B-78ACC4A23701}.Debug|Any CPU.Build.0 = Debug|Any CPU
		{414A6A68-155C-4D70-B91B-78ACC4A23701}.Release|Any CPU.ActiveCfg = Release|Any CPU
		{414A6A68-155C-4D70-B91B-78ACC4A23701}.Release|Any CPU.Build.0 = Release|Any CPU
		{A61B3D68-DA26-4C3B-BB3C-4B12932FDF53}.Debug|Any CPU.ActiveCfg = Debug|Any CPU
		{A61B3D68-DA26-4C3B-BB3C-4B12932FDF53}.Debug|Any CPU.Build.0 = Debug|Any CPU
		{A61B3D68-DA26-4C3B-BB3C-4B12932FDF53}.Release|Any CPU.ActiveCfg = Release|Any CPU
		{A61B3D68-DA26-4C3B-BB3C-4B12932FDF53}.Release|Any CPU.Build.0 = Release|Any CPU
		{B6876D0F-CF12-4F73-A427-08A10ED4071B}.Debug|Any CPU.ActiveCfg = Debug|Any CPU
		{B6876D0F-CF12-4F73-A427-08A10ED4071B}.Debug|Any CPU.Build.0 = Debug|Any CPU
		{B6876D0F-CF12-4F73-A427-08A10ED4071B}.Release|Any CPU.ActiveCfg = Release|Any CPU
		{B6876D0F-CF12-4F73-A427-08A10ED4071B}.Release|Any CPU.Build.0 = Release|Any CPU
		{64F01089-24A6-4926-B1F2-07A2A6EA150B}.Debug|Any CPU.ActiveCfg = Debug|Any CPU
		{64F01089-24A6-4926-B1F2-07A2A6EA150B}.Debug|Any CPU.Build.0 = Debug|Any CPU
		{64F01089-24A6-4926-B1F2-07A2A6EA150B}.Release|Any CPU.ActiveCfg = Release|Any CPU
		{64F01089-24A6-4926-B1F2-07A2A6EA150B}.Release|Any CPU.Build.0 = Release|Any CPU
		{093C99C4-AD74-4932-91E6-0F43B875A7FA}.Debug|Any CPU.ActiveCfg = Debug|Any CPU
		{093C99C4-AD74-4932-91E6-0F43B875A7FA}.Debug|Any CPU.Build.0 = Debug|Any CPU
		{093C99C4-AD74-4932-91E6-0F43B875A7FA}.Release|Any CPU.ActiveCfg = Release|Any CPU
		{093C99C4-AD74-4932-91E6-0F43B875A7FA}.Release|Any CPU.Build.0 = Release|Any CPU
	EndGlobalSection
	GlobalSection(SolutionProperties) = preSolution
		HideSolutionNode = FALSE
	EndGlobalSection
	GlobalSection(ExtensibilityGlobals) = postSolution
		SolutionGuid = {89AAE415-1F55-4C9F-96DB-5A0D35EC459E}
	EndGlobalSection
EndGlobal
